
Microsoft Visual Studio Solution File, Format Version 12.00
# Visual Studio Version 16
VisualStudioVersion = 16.0.29215.179
MinimumVisualStudioVersion = 10.0.40219.1
Project("{2150E333-8FDC-42A3-9474-1A3956D46DE8}") = "pw1", "pw1", "{3FF0EA79-57B5-4005-ACC7-E75159F1B0E1}"
EndProject
Project("{FAE04EC0-301F-11D3-BF4B-00C04F79EFBC}") = "Caesar cipher", "Caesar cipher\Caesar cipher.csproj", "{2138659A-190F-406E-AD0A-E956557D353C}"
EndProject
Project("{FAE04EC0-301F-11D3-BF4B-00C04F79EFBC}") = "Slogan cipher", "Slogan cipher\Slogan cipher.csproj", "{89122048-D804-42A1-9F58-21E73D4A26A6}"
EndProject
Project("{FAE04EC0-301F-11D3-BF4B-00C04F79EFBC}") = "Polybian Square", "Polybian Square\Polybian Square.csproj", "{C0228CC1-0E0A-4A06-A005-B68FF9D47C03}"
EndProject
Project("{FAE04EC0-301F-11D3-BF4B-00C04F79EFBC}") = "Trisemus cipher", "Trisemus cipher\Trisemus cipher.csproj", "{4F62827A-F62B-4E73-B9CF-1ADEF8BA3052}"
EndProject
Project("{FAE04EC0-301F-11D3-BF4B-00C04F79EFBC}") = "Playfair cipher", "Playfair cipher\Playfair cipher.csproj", "{D33B59C8-DD7C-4668-91AC-AC838F740986}"
EndProject
Project("{FAE04EC0-301F-11D3-BF4B-00C04F79EFBC}") = "Homophonic cipher", "Homophonic cipher\Homophonic cipher.csproj", "{2C3CADE3-C5A4-438F-A750-63952870C77A}"
EndProject
Project("{FAE04EC0-301F-11D3-BF4B-00C04F79EFBC}") = "Vizhener's cipher", "Vizhener's cipher\Vizhener's cipher.csproj", "{72E59142-56D9-46AA-AD6A-E698904230E2}"
EndProject
Project("{2150E333-8FDC-42A3-9474-1A3956D46DE8}") = "pw2", "pw2", "{CC93DE97-FF43-4F42-A3C1-D280F4965D5A}"
EndProject
Project("{FAE04EC0-301F-11D3-BF4B-00C04F79EFBC}") = "simple single permutation", "simple single permutation\simple single permutation.csproj", "{985322CA-D0AF-4F79-AAE9-4CEF16D812E1}"
EndProject
Project("{FAE04EC0-301F-11D3-BF4B-00C04F79EFBC}") = "block single permutation", "block single permutation\block single permutation.csproj", "{E4FD62B7-E3CE-4FB8-AD16-3D62741C81CC}"
EndProject
Project("{FAE04EC0-301F-11D3-BF4B-00C04F79EFBC}") = "Route Shuffle Code", "Route Shuffle Code\Route Shuffle Code.csproj", "{C7E10819-B050-44CD-81A7-5C5168F3B157}"
EndProject
Project("{FAE04EC0-301F-11D3-BF4B-00C04F79EFBC}") = "Vertical permutation cipher", "Vertical permutation cipher\Vertical permutation cipher.csproj", "{CA86243A-0F2D-49DE-8B0C-FA74FF41110E}"
EndProject
Project("{FAE04EC0-301F-11D3-BF4B-00C04F79EFBC}") = "rotary grill", "rotary grill\rotary grill.csproj", "{83485C47-2F1D-4314-9747-3EE7EC92A005}"
EndProject
Project("{FAE04EC0-301F-11D3-BF4B-00C04F79EFBC}") = "magic square", "magic square\magic square.csproj", "{6479F449-1C43-469A-AF44-009F7CF6C662}"
EndProject
Project("{FAE04EC0-301F-11D3-BF4B-00C04F79EFBC}") = "double permutation", "double permutation\double permutation.csproj", "{36340FAD-3EC3-49D6-B880-F7499999B3BA}"
EndProject
Project("{FAE04EC0-301F-11D3-BF4B-00C04F79EFBC}") = "cipher Crossroads", "cipher Crossroads\cipher Crossroads.csproj", "{45ABE7AA-F360-45BE-AF2A-E87EB919847D}"
EndProject
Project("{FAE04EC0-301F-11D3-BF4B-00C04F79EFBC}") = "rotary grill2", "rotary grill2\rotary grill2.csproj", "{5CBE1DAA-D7B9-4F01-937A-E7B2E9E363D6}"
EndProject
Project("{2150E333-8FDC-42A3-9474-1A3956D46DE8}") = "pw6", "pw6", "{2B302CA7-9E2D-4B10-BE89-6FFD20F9076F}"
EndProject
Project("{FAE04EC0-301F-11D3-BF4B-00C04F79EFBC}") = "Binary representation of numbers", "Binary representation of numbers\Binary representation of numbers.csproj", "{C3BD7668-65CF-44A2-8BBA-644B2736E670}"
EndProject
Project("{2150E333-8FDC-42A3-9474-1A3956D46DE8}") = "pw3", "pw3", "{1F96677A-00BE-4B59-AE24-86B9527B9194}"
EndProject
Project("{FAE04EC0-301F-11D3-BF4B-00C04F79EFBC}") = "GammN", "GammN\GammN.csproj", "{0F929ACB-9252-44BA-94AA-EA5E5E5E2176}"
EndProject
Project("{FAE04EC0-301F-11D3-BF4B-00C04F79EFBC}") = "Gamm2", "Gamm2\Gamm2.csproj", "{FB216B8A-248A-41C5-995F-11A479FB691F}"
EndProject
Project("{2150E333-8FDC-42A3-9474-1A3956D46DE8}") = "pw4", "pw4", "{C1982258-D6E1-4F43-87AF-0A54A612C276}"
EndProject
Project("{FAE04EC0-301F-11D3-BF4B-00C04F79EFBC}") = "ADFGVX", "ADFGVX\ADFGVX.csproj", "{6ABDDC03-1A09-425C-B36D-93D78F2E021C}"
EndProject
Project("{2150E333-8FDC-42A3-9474-1A3956D46DE8}") = "pw5", "pw5", "{1D2CD63D-7FB7-4315-97CE-7DF73E14C57D}"
EndProject
Project("{FAE04EC0-301F-11D3-BF4B-00C04F79EFBC}") = "RSA", "RSA\RSA.csproj", "{304C2815-5CE0-4D13-B1D5-73134585E49B}"
EndProject
Project("{FAE04EC0-301F-11D3-BF4B-00C04F79EFBC}") = "Bag", "Bag\Bag.csproj", "{31A0D671-4BE1-4AD2-AA81-AE5AE918A729}"
EndProject
Global
	GlobalSection(SolutionConfigurationPlatforms) = preSolution
		Debug|Any CPU = Debug|Any CPU
		Release|Any CPU = Release|Any CPU
	EndGlobalSection
	GlobalSection(ProjectConfigurationPlatforms) = postSolution
		{2138659A-190F-406E-AD0A-E956557D353C}.Debug|Any CPU.ActiveCfg = Debug|Any CPU
		{2138659A-190F-406E-AD0A-E956557D353C}.Debug|Any CPU.Build.0 = Debug|Any CPU
		{2138659A-190F-406E-AD0A-E956557D353C}.Release|Any CPU.ActiveCfg = Release|Any CPU
		{2138659A-190F-406E-AD0A-E956557D353C}.Release|Any CPU.Build.0 = Release|Any CPU
		{89122048-D804-42A1-9F58-21E73D4A26A6}.Debug|Any CPU.ActiveCfg = Debug|Any CPU
		{89122048-D804-42A1-9F58-21E73D4A26A6}.Debug|Any CPU.Build.0 = Debug|Any CPU
		{89122048-D804-42A1-9F58-21E73D4A26A6}.Release|Any CPU.ActiveCfg = Release|Any CPU
		{89122048-D804-42A1-9F58-21E73D4A26A6}.Release|Any CPU.Build.0 = Release|Any CPU
		{C0228CC1-0E0A-4A06-A005-B68FF9D47C03}.Debug|Any CPU.ActiveCfg = Debug|Any CPU
		{C0228CC1-0E0A-4A06-A005-B68FF9D47C03}.Debug|Any CPU.Build.0 = Debug|Any CPU
		{C0228CC1-0E0A-4A06-A005-B68FF9D47C03}.Release|Any CPU.ActiveCfg = Release|Any CPU
		{C0228CC1-0E0A-4A06-A005-B68FF9D47C03}.Release|Any CPU.Build.0 = Release|Any CPU
		{4F62827A-F62B-4E73-B9CF-1ADEF8BA3052}.Debug|Any CPU.ActiveCfg = Debug|Any CPU
		{4F62827A-F62B-4E73-B9CF-1ADEF8BA3052}.Debug|Any CPU.Build.0 = Debug|Any CPU
		{4F62827A-F62B-4E73-B9CF-1ADEF8BA3052}.Release|Any CPU.ActiveCfg = Release|Any CPU
		{4F62827A-F62B-4E73-B9CF-1ADEF8BA3052}.Release|Any CPU.Build.0 = Release|Any CPU
		{D33B59C8-DD7C-4668-91AC-AC838F740986}.Debug|Any CPU.ActiveCfg = Debug|Any CPU
		{D33B59C8-DD7C-4668-91AC-AC838F740986}.Debug|Any CPU.Build.0 = Debug|Any CPU
		{D33B59C8-DD7C-4668-91AC-AC838F740986}.Release|Any CPU.ActiveCfg = Release|Any CPU
		{D33B59C8-DD7C-4668-91AC-AC838F740986}.Release|Any CPU.Build.0 = Release|Any CPU
		{2C3CADE3-C5A4-438F-A750-63952870C77A}.Debug|Any CPU.ActiveCfg = Debug|Any CPU
		{2C3CADE3-C5A4-438F-A750-63952870C77A}.Debug|Any CPU.Build.0 = Debug|Any CPU
		{2C3CADE3-C5A4-438F-A750-63952870C77A}.Release|Any CPU.ActiveCfg = Release|Any CPU
		{2C3CADE3-C5A4-438F-A750-63952870C77A}.Release|Any CPU.Build.0 = Release|Any CPU
		{72E59142-56D9-46AA-AD6A-E698904230E2}.Debug|Any CPU.ActiveCfg = Debug|Any CPU
		{72E59142-56D9-46AA-AD6A-E698904230E2}.Debug|Any CPU.Build.0 = Debug|Any CPU
		{72E59142-56D9-46AA-AD6A-E698904230E2}.Release|Any CPU.ActiveCfg = Release|Any CPU
		{72E59142-56D9-46AA-AD6A-E698904230E2}.Release|Any CPU.Build.0 = Release|Any CPU
		{985322CA-D0AF-4F79-AAE9-4CEF16D812E1}.Debug|Any CPU.ActiveCfg = Debug|Any CPU
		{985322CA-D0AF-4F79-AAE9-4CEF16D812E1}.Debug|Any CPU.Build.0 = Debug|Any CPU
		{985322CA-D0AF-4F79-AAE9-4CEF16D812E1}.Release|Any CPU.ActiveCfg = Release|Any CPU
		{985322CA-D0AF-4F79-AAE9-4CEF16D812E1}.Release|Any CPU.Build.0 = Release|Any CPU
		{E4FD62B7-E3CE-4FB8-AD16-3D62741C81CC}.Debug|Any CPU.ActiveCfg = Debug|Any CPU
		{E4FD62B7-E3CE-4FB8-AD16-3D62741C81CC}.Debug|Any CPU.Build.0 = Debug|Any CPU
		{E4FD62B7-E3CE-4FB8-AD16-3D62741C81CC}.Release|Any CPU.ActiveCfg = Release|Any CPU
		{E4FD62B7-E3CE-4FB8-AD16-3D62741C81CC}.Release|Any CPU.Build.0 = Release|Any CPU
		{C7E10819-B050-44CD-81A7-5C5168F3B157}.Debug|Any CPU.ActiveCfg = Debug|Any CPU
		{C7E10819-B050-44CD-81A7-5C5168F3B157}.Debug|Any CPU.Build.0 = Debug|Any CPU
		{C7E10819-B050-44CD-81A7-5C5168F3B157}.Release|Any CPU.ActiveCfg = Release|Any CPU
		{C7E10819-B050-44CD-81A7-5C5168F3B157}.Release|Any CPU.Build.0 = Release|Any CPU
		{CA86243A-0F2D-49DE-8B0C-FA74FF41110E}.Debug|Any CPU.ActiveCfg = Debug|Any CPU
		{CA86243A-0F2D-49DE-8B0C-FA74FF41110E}.Debug|Any CPU.Build.0 = Debug|Any CPU
		{CA86243A-0F2D-49DE-8B0C-FA74FF41110E}.Release|Any CPU.ActiveCfg = Release|Any CPU
		{CA86243A-0F2D-49DE-8B0C-FA74FF41110E}.Release|Any CPU.Build.0 = Release|Any CPU
		{83485C47-2F1D-4314-9747-3EE7EC92A005}.Debug|Any CPU.ActiveCfg = Debug|Any CPU
		{83485C47-2F1D-4314-9747-3EE7EC92A005}.Debug|Any CPU.Build.0 = Debug|Any CPU
		{83485C47-2F1D-4314-9747-3EE7EC92A005}.Release|Any CPU.ActiveCfg = Release|Any CPU
		{83485C47-2F1D-4314-9747-3EE7EC92A005}.Release|Any CPU.Build.0 = Release|Any CPU
		{6479F449-1C43-469A-AF44-009F7CF6C662}.Debug|Any CPU.ActiveCfg = Debug|Any CPU
		{6479F449-1C43-469A-AF44-009F7CF6C662}.Debug|Any CPU.Build.0 = Debug|Any CPU
		{6479F449-1C43-469A-AF44-009F7CF6C662}.Release|Any CPU.ActiveCfg = Release|Any CPU
		{6479F449-1C43-469A-AF44-009F7CF6C662}.Release|Any CPU.Build.0 = Release|Any CPU
		{36340FAD-3EC3-49D6-B880-F7499999B3BA}.Debug|Any CPU.ActiveCfg = Debug|Any CPU
		{36340FAD-3EC3-49D6-B880-F7499999B3BA}.Debug|Any CPU.Build.0 = Debug|Any CPU
		{36340FAD-3EC3-49D6-B880-F7499999B3BA}.Release|Any CPU.ActiveCfg = Release|Any CPU
		{36340FAD-3EC3-49D6-B880-F7499999B3BA}.Release|Any CPU.Build.0 = Release|Any CPU
		{45ABE7AA-F360-45BE-AF2A-E87EB919847D}.Debug|Any CPU.ActiveCfg = Debug|Any CPU
		{45ABE7AA-F360-45BE-AF2A-E87EB919847D}.Debug|Any CPU.Build.0 = Debug|Any CPU
		{45ABE7AA-F360-45BE-AF2A-E87EB919847D}.Release|Any CPU.ActiveCfg = Release|Any CPU
		{45ABE7AA-F360-45BE-AF2A-E87EB919847D}.Release|Any CPU.Build.0 = Release|Any CPU
		{5CBE1DAA-D7B9-4F01-937A-E7B2E9E363D6}.Debug|Any CPU.ActiveCfg = Debug|Any CPU
		{5CBE1DAA-D7B9-4F01-937A-E7B2E9E363D6}.Debug|Any CPU.Build.0 = Debug|Any CPU
		{5CBE1DAA-D7B9-4F01-937A-E7B2E9E363D6}.Release|Any CPU.ActiveCfg = Release|Any CPU
		{5CBE1DAA-D7B9-4F01-937A-E7B2E9E363D6}.Release|Any CPU.Build.0 = Release|Any CPU
		{C3BD7668-65CF-44A2-8BBA-644B2736E670}.Debug|Any CPU.ActiveCfg = Debug|Any CPU
		{C3BD7668-65CF-44A2-8BBA-644B2736E670}.Debug|Any CPU.Build.0 = Debug|Any CPU
		{C3BD7668-65CF-44A2-8BBA-644B2736E670}.Release|Any CPU.ActiveCfg = Release|Any CPU
		{C3BD7668-65CF-44A2-8BBA-644B2736E670}.Release|Any CPU.Build.0 = Release|Any CPU
		{0F929ACB-9252-44BA-94AA-EA5E5E5E2176}.Debug|Any CPU.ActiveCfg = Debug|Any CPU
		{0F929ACB-9252-44BA-94AA-EA5E5E5E2176}.Debug|Any CPU.Build.0 = Debug|Any CPU
		{0F929ACB-9252-44BA-94AA-EA5E5E5E2176}.Release|Any CPU.ActiveCfg = Release|Any CPU
		{0F929ACB-9252-44BA-94AA-EA5E5E5E2176}.Release|Any CPU.Build.0 = Release|Any CPU
		{FB216B8A-248A-41C5-995F-11A479FB691F}.Debug|Any CPU.ActiveCfg = Debug|Any CPU
		{FB216B8A-248A-41C5-995F-11A479FB691F}.Debug|Any CPU.Build.0 = Debug|Any CPU
		{FB216B8A-248A-41C5-995F-11A479FB691F}.Release|Any CPU.ActiveCfg = Release|Any CPU
		{FB216B8A-248A-41C5-995F-11A479FB691F}.Release|Any CPU.Build.0 = Release|Any CPU
		{6ABDDC03-1A09-425C-B36D-93D78F2E021C}.Debug|Any CPU.ActiveCfg = Debug|Any CPU
		{6ABDDC03-1A09-425C-B36D-93D78F2E021C}.Debug|Any CPU.Build.0 = Debug|Any CPU
		{6ABDDC03-1A09-425C-B36D-93D78F2E021C}.Release|Any CPU.ActiveCfg = Release|Any CPU
		{6ABDDC03-1A09-425C-B36D-93D78F2E021C}.Release|Any CPU.Build.0 = Release|Any CPU
		{304C2815-5CE0-4D13-B1D5-73134585E49B}.Debug|Any CPU.ActiveCfg = Debug|Any CPU
		{304C2815-5CE0-4D13-B1D5-73134585E49B}.Debug|Any CPU.Build.0 = Debug|Any CPU
		{304C2815-5CE0-4D13-B1D5-73134585E49B}.Release|Any CPU.ActiveCfg = Release|Any CPU
		{304C2815-5CE0-4D13-B1D5-73134585E49B}.Release|Any CPU.Build.0 = Release|Any CPU
		{31A0D671-4BE1-4AD2-AA81-AE5AE918A729}.Debug|Any CPU.ActiveCfg = Debug|Any CPU
		{31A0D671-4BE1-4AD2-AA81-AE5AE918A729}.Debug|Any CPU.Build.0 = Debug|Any CPU
		{31A0D671-4BE1-4AD2-AA81-AE5AE918A729}.Release|Any CPU.ActiveCfg = Release|Any CPU
		{31A0D671-4BE1-4AD2-AA81-AE5AE918A729}.Release|Any CPU.Build.0 = Release|Any CPU
	EndGlobalSection
	GlobalSection(SolutionProperties) = preSolution
		HideSolutionNode = FALSE
	EndGlobalSection
	GlobalSection(NestedProjects) = preSolution
		{2138659A-190F-406E-AD0A-E956557D353C} = {3FF0EA79-57B5-4005-ACC7-E75159F1B0E1}
		{89122048-D804-42A1-9F58-21E73D4A26A6} = {3FF0EA79-57B5-4005-ACC7-E75159F1B0E1}
		{C0228CC1-0E0A-4A06-A005-B68FF9D47C03} = {3FF0EA79-57B5-4005-ACC7-E75159F1B0E1}
		{4F62827A-F62B-4E73-B9CF-1ADEF8BA3052} = {3FF0EA79-57B5-4005-ACC7-E75159F1B0E1}
		{D33B59C8-DD7C-4668-91AC-AC838F740986} = {3FF0EA79-57B5-4005-ACC7-E75159F1B0E1}
		{2C3CADE3-C5A4-438F-A750-63952870C77A} = {3FF0EA79-57B5-4005-ACC7-E75159F1B0E1}
		{72E59142-56D9-46AA-AD6A-E698904230E2} = {3FF0EA79-57B5-4005-ACC7-E75159F1B0E1}
		{985322CA-D0AF-4F79-AAE9-4CEF16D812E1} = {CC93DE97-FF43-4F42-A3C1-D280F4965D5A}
		{E4FD62B7-E3CE-4FB8-AD16-3D62741C81CC} = {CC93DE97-FF43-4F42-A3C1-D280F4965D5A}
		{C7E10819-B050-44CD-81A7-5C5168F3B157} = {CC93DE97-FF43-4F42-A3C1-D280F4965D5A}
		{CA86243A-0F2D-49DE-8B0C-FA74FF41110E} = {CC93DE97-FF43-4F42-A3C1-D280F4965D5A}
		{83485C47-2F1D-4314-9747-3EE7EC92A005} = {CC93DE97-FF43-4F42-A3C1-D280F4965D5A}
		{6479F449-1C43-469A-AF44-009F7CF6C662} = {CC93DE97-FF43-4F42-A3C1-D280F4965D5A}
		{36340FAD-3EC3-49D6-B880-F7499999B3BA} = {CC93DE97-FF43-4F42-A3C1-D280F4965D5A}
		{45ABE7AA-F360-45BE-AF2A-E87EB919847D} = {CC93DE97-FF43-4F42-A3C1-D280F4965D5A}
		{5CBE1DAA-D7B9-4F01-937A-E7B2E9E363D6} = {CC93DE97-FF43-4F42-A3C1-D280F4965D5A}
		{C3BD7668-65CF-44A2-8BBA-644B2736E670} = {2B302CA7-9E2D-4B10-BE89-6FFD20F9076F}
		{0F929ACB-9252-44BA-94AA-EA5E5E5E2176} = {1F96677A-00BE-4B59-AE24-86B9527B9194}
		{FB216B8A-248A-41C5-995F-11A479FB691F} = {1F96677A-00BE-4B59-AE24-86B9527B9194}
		{6ABDDC03-1A09-425C-B36D-93D78F2E021C} = {C1982258-D6E1-4F43-87AF-0A54A612C276}
		{304C2815-5CE0-4D13-B1D5-73134585E49B} = {1D2CD63D-7FB7-4315-97CE-7DF73E14C57D}
		{31A0D671-4BE1-4AD2-AA81-AE5AE918A729} = {1D2CD63D-7FB7-4315-97CE-7DF73E14C57D}
	EndGlobalSection
	GlobalSection(ExtensibilityGlobals) = postSolution
		SolutionGuid = {94808B25-55E7-4F10-AB29-508E0B44324B}
	EndGlobalSection
EndGlobal
