
Microsoft Visual Studio Solution File, Format Version 12.00
# Visual Studio Version 16
VisualStudioVersion = 16.0.29215.179
MinimumVisualStudioVersion = 10.0.40219.1
Project("{FAE04EC0-301F-11D3-BF4B-00C04F79EFBC}") = "practical work", "practical work.csproj", "{5429A921-205A-4714-AE60-D1005EE648B8}"
EndProject
Global
	GlobalSection(SolutionConfigurationPlatforms) = preSolution
		Debug|Any CPU = Debug|Any CPU
		Release|Any CPU = Release|Any CPU
	EndGlobalSection
	GlobalSection(ProjectConfigurationPlatforms) = postSolution
		{5429A921-205A-4714-AE60-D1005EE648B8}.Debug|Any CPU.ActiveCfg = Debug|Any CPU
		{5429A921-205A-4714-AE60-D1005EE648B8}.Debug|Any CPU.Build.0 = Debug|Any CPU
		{5429A921-205A-4714-AE60-D1005EE648B8}.Release|Any CPU.ActiveCfg = Release|Any CPU
		{5429A921-205A-4714-AE60-D1005EE648B8}.Release|Any CPU.Build.0 = Release|Any CPU
	EndGlobalSection
	GlobalSection(SolutionProperties) = preSolution
		HideSolutionNode = FALSE
	EndGlobalSection
	GlobalSection(ExtensibilityGlobals) = postSolution
		SolutionGuid = {B7D07469-AC18-4969-A332-1F21F63CAB0C}
	EndGlobalSection
EndGlobal
